Microsoft Visual Studio Solution File, Format Version 12.00
# Visual Studio Version 17
VisualStudioVersion = 17.1.32421.90
MinimumVisualStudioVersion = 10.0.40219.1
Project("{2150E333-8FDC-42A3-9474-1A3956D46DE8}") = "src", "src", "{00AAA5AE-73A1-4626-AE26-96524BFBFC9C}"
EndProject
Project("{9A19103F-16F7-4668-BE54-9A1E7A4F7556}") = "Trungnt2910.Browser", "src\Trungnt2910.Browser\Trungnt2910.Browser.csproj", "{3D37BF92-4B86-4B10-8AAE-32168990A6D4}"
EndProject
Project("{2150E333-8FDC-42A3-9474-1A3956D46DE8}") = "workload", "workload", "{3E6BDB7A-2333-402A-8FBF-D543A575846F}"
EndProject
Project("{2150E333-8FDC-42A3-9474-1A3956D46DE8}") = "Solution Items", "Solution Items", "{AF0C9862-1AB0-46F2-BB93-02353ACAB8E9}"
	ProjectSection(SolutionItems) = preProject
		build.cake = build.cake
		Directory.Build.props = Directory.Build.props
		DotnetBrowser.snk = DotnetBrowser.snk
		global.json = global.json
		nuget.config = nuget.config
	EndProjectSection
EndProject
Project("{9A19103F-16F7-4668-BE54-9A1E7A4F7556}") = "Trungnt2910.Browser.Ref", "workload\Trungnt2910.Browser.Ref\Trungnt2910.Browser.Ref.csproj", "{F02F6636-2076-4DA3-8848-EF9D3FC259CA}"
EndProject
Project("{9A19103F-16F7-4668-BE54-9A1E7A4F7556}") = "Trungnt2910.Browser.Runtime", "workload\Trungnt2910.Browser.Runtime\Trungnt2910.Browser.Runtime.csproj", "{5AD9E827-537F-4F15-AD9B-B0E813D7B5CC}"
EndProject
Project("{9A19103F-16F7-4668-BE54-9A1E7A4F7556}") = "Trungnt2910.Browser.Sdk", "workload\Trungnt2910.Browser.Sdk\Trungnt2910.Browser.Sdk.csproj", "{4F60F568-7A6A-4B86-8C91-F95AE223595B}"
EndProject
Project("{9A19103F-16F7-4668-BE54-9A1E7A4F7556}") = "Trungnt2910.NET.Sdk.Browser", "workload\Trungnt2910.NET.Sdk.Browser\Trungnt2910.NET.Sdk.Browser.csproj", "{1E0B25F7-FEB6-4952-8C54-1F3ADACDD5E3}"
EndProject
Project("{2150E333-8FDC-42A3-9474-1A3956D46DE8}") = "sample", "sample", "{050E2031-DA85-4DD5-AB76-A5D5F2BC4F56}"
EndProject
Project("{9A19103F-16F7-4668-BE54-9A1E7A4F7556}") = "Trungnt2910.Browser.Sample", "sample\Trungnt2910.Browser.Sample\Trungnt2910.Browser.Sample.csproj", "{5CF885B4-0E39-4649-BAFA-570E326A93F1}"
EndProject
Project("{2150E333-8FDC-42A3-9474-1A3956D46DE8}") = "shared", "shared", "{596B4E98-800E-4A00-8BA0-EF78979CE146}"
	ProjectSection(SolutionItems) = preProject
		workload\Shared\Common.targets = workload\Shared\Common.targets
		workload\Shared\Frameworks.targets = workload\Shared\Frameworks.targets
	EndProjectSection
EndProject
Project("{9A19103F-16F7-4668-BE54-9A1E7A4F7556}") = "Gobie", "src\Gobie\src\Gobie\Gobie\Gobie.csproj", "{DDEDA1F9-B977-4DDA-B890-947226F17DC4}"
EndProject
Project("{2150E333-8FDC-42A3-9474-1A3956D46DE8}") = "Gobie", "Gobie", "{EC6EA276-9065-4E39-883B-3DD1ACD0CD4B}"
EndProject
Project("{9A19103F-16F7-4668-BE54-9A1E7A4F7556}") = "Gobie.Attributes", "src\Gobie\src\Gobie\Gobie.Attributes\Gobie.Attributes.csproj", "{687C1FFA-D5F3-4A5E-BC54-5D8E5405E0CE}"
EndProject
Project("{9A19103F-16F7-4668-BE54-9A1E7A4F7556}") = "Trungnt2910.Browser.Generators", "src\Trungnt2910.Browser.Generators\Trungnt2910.Browser.Generators.csproj", "{662A79D1-C3CB-4D5D-AC2E-F46C160B8F41}"
EndProject
Project("{9A19103F-16F7-4668-BE54-9A1E7A4F7556}") = "Trungnt2910.Browser.PostProcessing", "src\Trungnt2910.Browser.PostProcessing\Trungnt2910.Browser.PostProcessing.csproj", "{23B1FE07-BCD1-4B3C-AA62-D076A0370DC2}"
EndProject
Project("{9A19103F-16F7-4668-BE54-9A1E7A4F7556}") = "Rickroller", "sample\Rickroller\Rickroller.csproj", "{D8E42155-A196-470D-B236-1D74B642CF69}"
EndProject
Project("{2150E333-8FDC-42A3-9474-1A3956D46DE8}") = "tests", "tests", "{6E729401-F6AC-4A4D-A6F6-B200590D82DB}"
EndProject
Project("{2150E333-8FDC-42A3-9474-1A3956D46DE8}") = "Trungnt2910.Browser.ObservationFramework", "Trungnt2910.Browser.ObservationFramework", "{3822E952-E930-4972-9474-6A6A927C4063}"
	ProjectSection(SolutionItems) = preProject
		tests\Trungnt2910.Browser.ObservationFramework\Directory.Build.props = tests\Trungnt2910.Browser.ObservationFramework\Directory.Build.props
	EndProjectSection
EndProject
Project("{9A19103F-16F7-4668-BE54-9A1E7A4F7556}") = "Trungnt2910.Browser.ObservationFramework", "tests\Trungnt2910.Browser.ObservationFramework\Trungnt2910.Browser.ObservationFramework\Trungnt2910.Browser.ObservationFramework.csproj", "{9AF8BE06-E146-4B3E-A2A7-BEC29AE5A1A3}"
	ProjectSection(ProjectDependencies) = postProject
		{4A9DA42E-5008-48FA-9AB6-1E2CF48CF4D9} = {4A9DA42E-5008-48FA-9AB6-1E2CF48CF4D9}
	EndProjectSection
EndProject
Project("{9A19103F-16F7-4668-BE54-9A1E7A4F7556}") = "ObservationHost", "tests\Trungnt2910.Browser.ObservationFramework\ObservationHost\ObservationHost.csproj", "{4A9DA42E-5008-48FA-9AB6-1E2CF48CF4D9}"
EndProject
Project("{9A19103F-16F7-4668-BE54-9A1E7A4F7556}") = "Trungnt2910.Browser.ObservationFramework.WebSocket.Shared", "tests\Trungnt2910.Browser.ObservationFramework\Trungnt2910.Browser.ObservationFramework.WebSocket.Shared\Trungnt2910.Browser.ObservationFramework.WebSocket.Shared.csproj", "{1E880931-1CEC-438B-B04C-0EE469626B6D}"
EndProject
Project("{9A19103F-16F7-4668-BE54-9A1E7A4F7556}") = "Trungnt2910.Browser.Tests", "tests\Trungnt2910.Browser.Tests\Trungnt2910.Browser.Tests.csproj", "{2EC5733C-073A-4689-8655-BBA8862B8312}"
EndProject
Project("{9A19103F-16F7-4668-BE54-9A1E7A4F7556}") = "LibDomTypeScriptParser", "src\LibDomTypeScriptParser\LibDomTypeScriptParser\LibDomTypeScriptParser.csproj", "{550EEED9-41B3-4217-8CFC-871841BAD573}"
EndProject
Project("{9A19103F-16F7-4668-BE54-9A1E7A4F7556}") = "azureams.github.io", "sample\azureams.github.io\azureams.github.io.csproj", "{4CAEF5B5-FA7D-4C7B-8091-95CFDD4136A0}"
EndProject
Project("{FAE04EC0-301F-11D3-BF4B-00C04F79EFBC}") = "Trungnt2910.Browser.Generators.TypeScript", "src\Trungnt2910.Browser.Generators.TypeScript\Trungnt2910.Browser.Generators.TypeScript.csproj", "{1E334AFE-61E0-4D81-8661-260596B0853E}"
EndProject
Project("{FAE04EC0-301F-11D3-BF4B-00C04F79EFBC}") = "Trungnt2910.Browser.JsInteropGenerators", "src\Trungnt2910.Browser.JsInteropGenerators\Trungnt2910.Browser.JsInteropGenerators.csproj", "{EE5E5FD9-0695-4615-8E98-5A5B22537DE9}"
EndProject
Project("{FAE04EC0-301F-11D3-BF4B-00C04F79EFBC}") = "Trungnt2910.Browser.JsInteropSample", "src\Trungnt2910.Browser.JsInteropSample\Trungnt2910.Browser.JsInteropSample.csproj", "{2C17E47E-F928-496F-8D0C-19D843D510B3}"
EndProject
Global
	GlobalSection(SolutionConfigurationPlatforms) = preSolution
		Debug|Any CPU = Debug|Any CPU
		Release|Any CPU = Release|Any CPU
	EndGlobalSection
	GlobalSection(ProjectConfigurationPlatforms) = postSolution
		{3D37BF92-4B86-4B10-8AAE-32168990A6D4}.Debug|Any CPU.ActiveCfg = Debug|Any CPU
		{3D37BF92-4B86-4B10-8AAE-32168990A6D4}.Debug|Any CPU.Build.0 = Debug|Any CPU
		{3D37BF92-4B86-4B10-8AAE-32168990A6D4}.Release|Any CPU.ActiveCfg = Release|Any CPU
		{3D37BF92-4B86-4B10-8AAE-32168990A6D4}.Release|Any CPU.Build.0 = Release|Any CPU
		{F02F6636-2076-4DA3-8848-EF9D3FC259CA}.Debug|Any CPU.ActiveCfg = Debug|Any CPU
		{F02F6636-2076-4DA3-8848-EF9D3FC259CA}.Debug|Any CPU.Build.0 = Debug|Any CPU
		{F02F6636-2076-4DA3-8848-EF9D3FC259CA}.Release|Any CPU.ActiveCfg = Release|Any CPU
		{F02F6636-2076-4DA3-8848-EF9D3FC259CA}.Release|Any CPU.Build.0 = Release|Any CPU
		{5AD9E827-537F-4F15-AD9B-B0E813D7B5CC}.Debug|Any CPU.ActiveCfg = Debug|Any CPU
		{5AD9E827-537F-4F15-AD9B-B0E813D7B5CC}.Debug|Any CPU.Build.0 = Debug|Any CPU
		{5AD9E827-537F-4F15-AD9B-B0E813D7B5CC}.Release|Any CPU.ActiveCfg = Release|Any CPU
		{5AD9E827-537F-4F15-AD9B-B0E813D7B5CC}.Release|Any CPU.Build.0 = Release|Any CPU
		{4F60F568-7A6A-4B86-8C91-F95AE223595B}.Debug|Any CPU.ActiveCfg = Debug|Any CPU
		{4F60F568-7A6A-4B86-8C91-F95AE223595B}.Debug|Any CPU.Build.0 = Debug|Any CPU
		{4F60F568-7A6A-4B86-8C91-F95AE223595B}.Release|Any CPU.ActiveCfg = Release|Any CPU
		{4F60F568-7A6A-4B86-8C91-F95AE223595B}.Release|Any CPU.Build.0 = Release|Any CPU
		{1E0B25F7-FEB6-4952-8C54-1F3ADACDD5E3}.Debug|Any CPU.ActiveCfg = Debug|Any CPU
		{1E0B25F7-FEB6-4952-8C54-1F3ADACDD5E3}.Debug|Any CPU.Build.0 = Debug|Any CPU
		{1E0B25F7-FEB6-4952-8C54-1F3ADACDD5E3}.Release|Any CPU.ActiveCfg = Release|Any CPU
		{1E0B25F7-FEB6-4952-8C54-1F3ADACDD5E3}.Release|Any CPU.Build.0 = Release|Any CPU
		{5CF885B4-0E39-4649-BAFA-570E326A93F1}.Debug|Any CPU.ActiveCfg = Debug|Any CPU
		{5CF885B4-0E39-4649-BAFA-570E326A93F1}.Debug|Any CPU.Build.0 = Debug|Any CPU
		{5CF885B4-0E39-4649-BAFA-570E326A93F1}.Release|Any CPU.ActiveCfg = Release|Any CPU
		{5CF885B4-0E39-4649-BAFA-570E326A93F1}.Release|Any CPU.Build.0 = Release|Any CPU
		{DDEDA1F9-B977-4DDA-B890-947226F17DC4}.Debug|Any CPU.ActiveCfg = Debug|Any CPU
		{DDEDA1F9-B977-4DDA-B890-947226F17DC4}.Debug|Any CPU.Build.0 = Debug|Any CPU
		{DDEDA1F9-B977-4DDA-B890-947226F17DC4}.Release|Any CPU.ActiveCfg = Release|Any CPU
		{DDEDA1F9-B977-4DDA-B890-947226F17DC4}.Release|Any CPU.Build.0 = Release|Any CPU
		{687C1FFA-D5F3-4A5E-BC54-5D8E5405E0CE}.Debug|Any CPU.ActiveCfg = Debug|Any CPU
		{687C1FFA-D5F3-4A5E-BC54-5D8E5405E0CE}.Debug|Any CPU.Build.0 = Debug|Any CPU
		{687C1FFA-D5F3-4A5E-BC54-5D8E5405E0CE}.Release|Any CPU.ActiveCfg = Release|Any CPU
		{687C1FFA-D5F3-4A5E-BC54-5D8E5405E0CE}.Release|Any CPU.Build.0 = Release|Any CPU
		{662A79D1-C3CB-4D5D-AC2E-F46C160B8F41}.Debug|Any CPU.ActiveCfg = Debug|Any CPU
		{662A79D1-C3CB-4D5D-AC2E-F46C160B8F41}.Debug|Any CPU.Build.0 = Debug|Any CPU
		{662A79D1-C3CB-4D5D-AC2E-F46C160B8F41}.Release|Any CPU.ActiveCfg = Release|Any CPU
		{662A79D1-C3CB-4D5D-AC2E-F46C160B8F41}.Release|Any CPU.Build.0 = Release|Any CPU
		{23B1FE07-BCD1-4B3C-AA62-D076A0370DC2}.Debug|Any CPU.ActiveCfg = Debug|Any CPU
		{23B1FE07-BCD1-4B3C-AA62-D076A0370DC2}.Debug|Any CPU.Build.0 = Debug|Any CPU
		{23B1FE07-BCD1-4B3C-AA62-D076A0370DC2}.Release|Any CPU.ActiveCfg = Release|Any CPU
		{23B1FE07-BCD1-4B3C-AA62-D076A0370DC2}.Release|Any CPU.Build.0 = Release|Any CPU
		{D8E42155-A196-470D-B236-1D74B642CF69}.Debug|Any CPU.ActiveCfg = Debug|Any CPU
		{D8E42155-A196-470D-B236-1D74B642CF69}.Debug|Any CPU.Build.0 = Debug|Any CPU
		{D8E42155-A196-470D-B236-1D74B642CF69}.Release|Any CPU.ActiveCfg = Release|Any CPU
		{D8E42155-A196-470D-B236-1D74B642CF69}.Release|Any CPU.Build.0 = Release|Any CPU
		{9AF8BE06-E146-4B3E-A2A7-BEC29AE5A1A3}.Debug|Any CPU.ActiveCfg = Debug|Any CPU
		{9AF8BE06-E146-4B3E-A2A7-BEC29AE5A1A3}.Debug|Any CPU.Build.0 = Debug|Any CPU
		{9AF8BE06-E146-4B3E-A2A7-BEC29AE5A1A3}.Release|Any CPU.ActiveCfg = Release|Any CPU
		{9AF8BE06-E146-4B3E-A2A7-BEC29AE5A1A3}.Release|Any CPU.Build.0 = Release|Any CPU
		{4A9DA42E-5008-48FA-9AB6-1E2CF48CF4D9}.Debug|Any CPU.ActiveCfg = Debug|Any CPU
		{4A9DA42E-5008-48FA-9AB6-1E2CF48CF4D9}.Debug|Any CPU.Build.0 = Debug|Any CPU
		{4A9DA42E-5008-48FA-9AB6-1E2CF48CF4D9}.Release|Any CPU.ActiveCfg = Release|Any CPU
		{4A9DA42E-5008-48FA-9AB6-1E2CF48CF4D9}.Release|Any CPU.Build.0 = Release|Any CPU
		{1E880931-1CEC-438B-B04C-0EE469626B6D}.Debug|Any CPU.ActiveCfg = Debug|Any CPU
		{1E880931-1CEC-438B-B04C-0EE469626B6D}.Debug|Any CPU.Build.0 = Debug|Any CPU
		{1E880931-1CEC-438B-B04C-0EE469626B6D}.Release|Any CPU.ActiveCfg = Release|Any CPU
		{1E880931-1CEC-438B-B04C-0EE469626B6D}.Release|Any CPU.Build.0 = Release|Any CPU
		{2EC5733C-073A-4689-8655-BBA8862B8312}.Debug|Any CPU.ActiveCfg = Debug|Any CPU
		{2EC5733C-073A-4689-8655-BBA8862B8312}.Debug|Any CPU.Build.0 = Debug|Any CPU
		{2EC5733C-073A-4689-8655-BBA8862B8312}.Release|Any CPU.ActiveCfg = Release|Any CPU
		{2EC5733C-073A-4689-8655-BBA8862B8312}.Release|Any CPU.Build.0 = Release|Any CPU
		{550EEED9-41B3-4217-8CFC-871841BAD573}.Debug|Any CPU.ActiveCfg = Debug|Any CPU
		{550EEED9-41B3-4217-8CFC-871841BAD573}.Debug|Any CPU.Build.0 = Debug|Any CPU
		{550EEED9-41B3-4217-8CFC-871841BAD573}.Release|Any CPU.ActiveCfg = Release|Any CPU
		{550EEED9-41B3-4217-8CFC-871841BAD573}.Release|Any CPU.Build.0 = Release|Any CPU
		{4CAEF5B5-FA7D-4C7B-8091-95CFDD4136A0}.Debug|Any CPU.ActiveCfg = Debug|Any CPU
		{4CAEF5B5-FA7D-4C7B-8091-95CFDD4136A0}.Debug|Any CPU.Build.0 = Debug|Any CPU
		{4CAEF5B5-FA7D-4C7B-8091-95CFDD4136A0}.Release|Any CPU.ActiveCfg = Release|Any CPU
		{4CAEF5B5-FA7D-4C7B-8091-95CFDD4136A0}.Release|Any CPU.Build.0 = Release|Any CPU
		{1E334AFE-61E0-4D81-8661-260596B0853E}.Debug|Any CPU.ActiveCfg = Debug|Any CPU
		{1E334AFE-61E0-4D81-8661-260596B0853E}.Debug|Any CPU.Build.0 = Debug|Any CPU
		{1E334AFE-61E0-4D81-8661-260596B0853E}.Release|Any CPU.ActiveCfg = Release|Any CPU
		{1E334AFE-61E0-4D81-8661-260596B0853E}.Release|Any CPU.Build.0 = Release|Any CPU
		{EE5E5FD9-0695-4615-8E98-5A5B22537DE9}.Debug|Any CPU.ActiveCfg = Debug|Any CPU
		{EE5E5FD9-0695-4615-8E98-5A5B22537DE9}.Debug|Any CPU.Build.0 = Debug|Any CPU
		{EE5E5FD9-0695-4615-8E98-5A5B22537DE9}.Release|Any CPU.ActiveCfg = Release|Any CPU
		{EE5E5FD9-0695-4615-8E98-5A5B22537DE9}.Release|Any CPU.Build.0 = Release|Any CPU
		{2C17E47E-F928-496F-8D0C-19D843D510B3}.Debug|Any CPU.ActiveCfg = Debug|Any CPU
		{2C17E47E-F928-496F-8D0C-19D843D510B3}.Debug|Any CPU.Build.0 = Debug|Any CPU
		{2C17E47E-F928-496F-8D0C-19D843D510B3}.Release|Any CPU.ActiveCfg = Release|Any CPU
		{2C17E47E-F928-496F-8D0C-19D843D510B3}.Release|Any CPU.Build.0 = Release|Any CPU
	EndGlobalSection
	GlobalSection(SolutionProperties) = preSolution
		HideSolutionNode = FALSE
	EndGlobalSection
	GlobalSection(NestedProjects) = preSolution
		{3D37BF92-4B86-4B10-8AAE-32168990A6D4} = {00AAA5AE-73A1-4626-AE26-96524BFBFC9C}
		{F02F6636-2076-4DA3-8848-EF9D3FC259CA} = {3E6BDB7A-2333-402A-8FBF-D543A575846F}
		{5AD9E827-537F-4F15-AD9B-B0E813D7B5CC} = {3E6BDB7A-2333-402A-8FBF-D543A575846F}
		{4F60F568-7A6A-4B86-8C91-F95AE223595B} = {3E6BDB7A-2333-402A-8FBF-D543A575846F}
		{1E0B25F7-FEB6-4952-8C54-1F3ADACDD5E3} = {3E6BDB7A-2333-402A-8FBF-D543A575846F}
		{5CF885B4-0E39-4649-BAFA-570E326A93F1} = {050E2031-DA85-4DD5-AB76-A5D5F2BC4F56}
		{596B4E98-800E-4A00-8BA0-EF78979CE146} = {3E6BDB7A-2333-402A-8FBF-D543A575846F}
		{DDEDA1F9-B977-4DDA-B890-947226F17DC4} = {EC6EA276-9065-4E39-883B-3DD1ACD0CD4B}
		{EC6EA276-9065-4E39-883B-3DD1ACD0CD4B} = {00AAA5AE-73A1-4626-AE26-96524BFBFC9C}
		{687C1FFA-D5F3-4A5E-BC54-5D8E5405E0CE} = {EC6EA276-9065-4E39-883B-3DD1ACD0CD4B}
		{662A79D1-C3CB-4D5D-AC2E-F46C160B8F41} = {00AAA5AE-73A1-4626-AE26-96524BFBFC9C}
		{23B1FE07-BCD1-4B3C-AA62-D076A0370DC2} = {00AAA5AE-73A1-4626-AE26-96524BFBFC9C}
		{D8E42155-A196-470D-B236-1D74B642CF69} = {050E2031-DA85-4DD5-AB76-A5D5F2BC4F56}
		{3822E952-E930-4972-9474-6A6A927C4063} = {6E729401-F6AC-4A4D-A6F6-B200590D82DB}
		{9AF8BE06-E146-4B3E-A2A7-BEC29AE5A1A3} = {3822E952-E930-4972-9474-6A6A927C4063}
		{4A9DA42E-5008-48FA-9AB6-1E2CF48CF4D9} = {3822E952-E930-4972-9474-6A6A927C4063}
		{1E880931-1CEC-438B-B04C-0EE469626B6D} = {3822E952-E930-4972-9474-6A6A927C4063}
		{2EC5733C-073A-4689-8655-BBA8862B8312} = {6E729401-F6AC-4A4D-A6F6-B200590D82DB}
		{550EEED9-41B3-4217-8CFC-871841BAD573} = {00AAA5AE-73A1-4626-AE26-96524BFBFC9C}
		{4CAEF5B5-FA7D-4C7B-8091-95CFDD4136A0} = {050E2031-DA85-4DD5-AB76-A5D5F2BC4F56}
		{1E334AFE-61E0-4D81-8661-260596B0853E} = {00AAA5AE-73A1-4626-AE26-96524BFBFC9C}
		{EE5E5FD9-0695-4615-8E98-5A5B22537DE9} = {00AAA5AE-73A1-4626-AE26-96524BFBFC9C}
		{2C17E47E-F928-496F-8D0C-19D843D510B3} = {00AAA5AE-73A1-4626-AE26-96524BFBFC9C}
	EndGlobalSection
	GlobalSection(ExtensibilityGlobals) = postSolution
		SolutionGuid = {C7E38642-D6A3-451F-929A-4CAF0423329C}
	EndGlobalSection
EndGlobal
