
Microsoft Visual Studio Solution File, Format Version 12.00
# Visual Studio Version 17
VisualStudioVersion = 17.3.32901.215
MinimumVisualStudioVersion = 10.0.40219.1
Project("{9A19103F-16F7-4668-BE54-9A1E7A4F7556}") = "LibDomTypeScriptParser", "LibDomTypeScriptParser\LibDomTypeScriptParser.csproj", "{1EA086D1-932F-4616-82D5-507CAEA75CAB}"
EndProject
Project("{FAE04EC0-301F-11D3-BF4B-00C04F79EFBC}") = "ParserTests", "ParserTests\ParserTests.csproj", "{B73589D8-3D1E-4A3E-8D9F-FD05E46840AE}"
EndProject
Global
	GlobalSection(SolutionConfigurationPlatforms) = preSolution
		Debug|Any CPU = Debug|Any CPU
		Release|Any CPU = Release|Any CPU
	EndGlobalSection
	GlobalSection(ProjectConfigurationPlatforms) = postSolution
		{1EA086D1-932F-4616-82D5-507CAEA75CAB}.Debug|Any CPU.ActiveCfg = Debug|Any CPU
		{1EA086D1-932F-4616-82D5-507CAEA75CAB}.Debug|Any CPU.Build.0 = Debug|Any CPU
		{1EA086D1-932F-4616-82D5-507CAEA75CAB}.Release|Any CPU.ActiveCfg = Release|Any CPU
		{1EA086D1-932F-4616-82D5-507CAEA75CAB}.Release|Any CPU.Build.0 = Release|Any CPU
		{B73589D8-3D1E-4A3E-8D9F-FD05E46840AE}.Debug|Any CPU.ActiveCfg = Debug|Any CPU
		{B73589D8-3D1E-4A3E-8D9F-FD05E46840AE}.Debug|Any CPU.Build.0 = Debug|Any CPU
		{B73589D8-3D1E-4A3E-8D9F-FD05E46840AE}.Release|Any CPU.ActiveCfg = Release|Any CPU
		{B73589D8-3D1E-4A3E-8D9F-FD05E46840AE}.Release|Any CPU.Build.0 = Release|Any CPU
	EndGlobalSection
	GlobalSection(SolutionProperties) = preSolution
		HideSolutionNode = FALSE
	EndGlobalSection
	GlobalSection(ExtensibilityGlobals) = postSolution
		SolutionGuid = {ADF960BC-D738-4B69-8F18-29281DE3F81C}
	EndGlobalSection
EndGlobal
